
Microsoft Visual Studio Solution File, Format Version 12.00
# Visual Studio 15
VisualStudioVersion = 15.0.26730.12
MinimumVisualStudioVersion = 10.0.40219.1
Project("{2150E333-8FDC-42A3-9474-1A3956D46DE8}") = "Documentation", "Documentation", "{0BBCBDCD-C670-4DE0-BB17-17233C921774}"
	ProjectSection(SolutionItems) = preProject
		Project Structure.txt = Project Structure.txt
	EndProjectSection
EndProject
Project("{FAE04EC0-301F-11D3-BF4B-00C04F79EFBC}") = "TBQuestGame.S2.List", "WpfTheAionProject.S2.Sol.List\TBQuestGame.S2.List.csproj", "{ECA30955-7D62-4D42-A718-8BEE54859061}"
EndProject
Global
	GlobalSection(SolutionConfigurationPlatforms) = preSolution
		Debug|Any CPU = Debug|Any CPU
		Release|Any CPU = Release|Any CPU
	EndGlobalSection
	GlobalSection(ProjectConfigurationPlatforms) = postSolution
		{ECA30955-7D62-4D42-A718-8BEE54859061}.Debug|Any CPU.ActiveCfg = Debug|Any CPU
		{ECA30955-7D62-4D42-A718-8BEE54859061}.Debug|Any CPU.Build.0 = Debug|Any CPU
		{ECA30955-7D62-4D42-A718-8BEE54859061}.Release|Any CPU.ActiveCfg = Release|Any CPU
		{ECA30955-7D62-4D42-A718-8BEE54859061}.Release|Any CPU.Build.0 = Release|Any CPU
	EndGlobalSection
	GlobalSection(SolutionProperties) = preSolution
		HideSolutionNode = FALSE
	EndGlobalSection
	GlobalSection(ExtensibilityGlobals) = postSolution
		SolutionGuid = {18F4ADF3-395A-4A18-B0D8-18C11B6DA15C}
	EndGlobalSection
EndGlobal
